# This file is automatically @generated by Cargo.
# It is not intended for manual editing.
version = 3

[[package]]
name = "digit_cancelling_fractions"
version = "0.1.0"
dependencies = [
 "gcd",
]

[[package]]
name = "gcd"
version = "2.1.0"
source = "registry+https://github.com/rust-lang/crates.io-index"
checksum = "f37978dab2ca789938a83b2f8bc1ef32db6633af9051a6cd409eff72cbaaa79a"
dependencies = [
 "paste",
]

[[package]]
name = "paste"
version = "1.0.8"
source = "registry+https://github.com/rust-lang/crates.io-index"
checksum = "9423e2b32f7a043629287a536f21951e8c6a82482d0acb1eeebfc90bc2225b22"
